
Microsoft Visual Studio Solution File, Format Version 12.00
# Visual Studio Version 17
VisualStudioVersion = 17.12.35527.113 d17.12
MinimumVisualStudioVersion = 10.0.40219.1
Project("{FAE04EC0-301F-11D3-BF4B-00C04F79EFBC}") = "AssignmentLibrary", "AssignmentLibrary\AssignmentLibrary.csproj", "{35A5659A-B2C2-465A-B39C-2B505396F726}"
EndProject
Project("{FAE04EC0-301F-11D3-BF4B-00C04F79EFBC}") = "AssignmentLibrary.Tests", "AssignmentLibrary.Tests\AssignmentLibrary.Tests.csproj", "{59310010-7BC5-4FAC-A8D9-D90560F1BA2F}"
EndProject
Global
	GlobalSection(SolutionConfigurationPlatforms) = preSolution
		Debug|Any CPU = Debug|Any CPU
		Release|Any CPU = Release|Any CPU
	EndGlobalSection
	GlobalSection(ProjectConfigurationPlatforms) = postSolution
		{35A5659A-B2C2-465A-B39C-2B505396F726}.Debug|Any CPU.ActiveCfg = Debug|Any CPU
		{35A5659A-B2C2-465A-B39C-2B505396F726}.Debug|Any CPU.Build.0 = Debug|Any CPU
		{35A5659A-B2C2-465A-B39C-2B505396F726}.Release|Any CPU.ActiveCfg = Release|Any CPU
		{35A5659A-B2C2-465A-B39C-2B505396F726}.Release|Any CPU.Build.0 = Release|Any CPU
		{59310010-7BC5-4FAC-A8D9-D90560F1BA2F}.Debug|Any CPU.ActiveCfg = Debug|Any CPU
		{59310010-7BC5-4FAC-A8D9-D90560F1BA2F}.Debug|Any CPU.Build.0 = Debug|Any CPU
		{59310010-7BC5-4FAC-A8D9-D90560F1BA2F}.Release|Any CPU.ActiveCfg = Release|Any CPU
		{59310010-7BC5-4FAC-A8D9-D90560F1BA2F}.Release|Any CPU.Build.0 = Release|Any CPU
	EndGlobalSection
	GlobalSection(SolutionProperties) = preSolution
		HideSolutionNode = FALSE
	EndGlobalSection
EndGlobal
